
Microsoft Visual Studio Solution File, Format Version 12.00
# Visual Studio Version 17
VisualStudioVersion = 17.6.33815.320
MinimumVisualStudioVersion = 10.0.40219.1
Project("{FAE04EC0-301F-11D3-BF4B-00C04F79EFBC}") = "WebMappApplication", "WebMappApplication\WebMappApplication.csproj", "{4F12BE9F-B639-474D-945F-5F690E746BCA}"
EndProject
Global
	GlobalSection(SolutionConfigurationPlatforms) = preSolution
		Debug|Any CPU = Debug|Any CPU
		Release|Any CPU = Release|Any CPU
	EndGlobalSection
	GlobalSection(ProjectConfigurationPlatforms) = postSolution
		{4F12BE9F-B639-474D-945F-5F690E746BCA}.Debug|Any CPU.ActiveCfg = Debug|Any CPU
		{4F12BE9F-B639-474D-945F-5F690E746BCA}.Debug|Any CPU.Build.0 = Debug|Any CPU
		{4F12BE9F-B639-474D-945F-5F690E746BCA}.Release|Any CPU.ActiveCfg = Release|Any CPU
		{4F12BE9F-B639-474D-945F-5F690E746BCA}.Release|Any CPU.Build.0 = Release|Any CPU
	EndGlobalSection
	GlobalSection(SolutionProperties) = preSolution
		HideSolutionNode = FALSE
	EndGlobalSection
	GlobalSection(ExtensibilityGlobals) = postSolution
		SolutionGuid = {E06F3F46-5C68-4917-AB35-A9D37AEEB88B}
	EndGlobalSection
EndGlobal
